
Microsoft Visual Studio Solution File, Format Version 12.00
# Visual Studio 15
VisualStudioVersion = 15.0.28307.1267
MinimumVisualStudioVersion = 10.0.40219.1
Project("{FAE04EC0-301F-11D3-BF4B-00C04F79EFBC}") = "02_w_1_Person", "02_w_1_Person\02_w_1_Person.csproj", "{802F8028-BEA9-4E49-9122-D6BCF5476098}"
EndProject
Project("{FAE04EC0-301F-11D3-BF4B-00C04F79EFBC}") = "Demo", "Demo\Demo.csproj", "{CA48157F-A1C0-4F5A-9D44-9D1FDEDB3020}"
EndProject
Project("{FAE04EC0-301F-11D3-BF4B-00C04F79EFBC}") = "02_w_2_Family", "02_w_Family\02_w_2_Family.csproj", "{118DDF37-D35E-4FF0-A826-45B4071ACA35}"
EndProject
Project("{FAE04EC0-301F-11D3-BF4B-00C04F79EFBC}") = "03_w_Statistika_Problem3", "03_w_Statistika_Problem3\03_w_Statistika_Problem3.csproj", "{9961350C-F889-49AD-95EC-AA22957A6F2B}"
EndProject
Global
	GlobalSection(SolutionConfigurationPlatforms) = preSolution
		Debug|Any CPU = Debug|Any CPU
		Release|Any CPU = Release|Any CPU
	EndGlobalSection
	GlobalSection(ProjectConfigurationPlatforms) = postSolution
		{802F8028-BEA9-4E49-9122-D6BCF5476098}.Debug|Any CPU.ActiveCfg = Debug|Any CPU
		{802F8028-BEA9-4E49-9122-D6BCF5476098}.Debug|Any CPU.Build.0 = Debug|Any CPU
		{802F8028-BEA9-4E49-9122-D6BCF5476098}.Release|Any CPU.ActiveCfg = Release|Any CPU
		{802F8028-BEA9-4E49-9122-D6BCF5476098}.Release|Any CPU.Build.0 = Release|Any CPU
		{CA48157F-A1C0-4F5A-9D44-9D1FDEDB3020}.Debug|Any CPU.ActiveCfg = Debug|Any CPU
		{CA48157F-A1C0-4F5A-9D44-9D1FDEDB3020}.Debug|Any CPU.Build.0 = Debug|Any CPU
		{CA48157F-A1C0-4F5A-9D44-9D1FDEDB3020}.Release|Any CPU.ActiveCfg = Release|Any CPU
		{CA48157F-A1C0-4F5A-9D44-9D1FDEDB3020}.Release|Any CPU.Build.0 = Release|Any CPU
		{118DDF37-D35E-4FF0-A826-45B4071ACA35}.Debug|Any CPU.ActiveCfg = Debug|Any CPU
		{118DDF37-D35E-4FF0-A826-45B4071ACA35}.Debug|Any CPU.Build.0 = Debug|Any CPU
		{118DDF37-D35E-4FF0-A826-45B4071ACA35}.Release|Any CPU.ActiveCfg = Release|Any CPU
		{118DDF37-D35E-4FF0-A826-45B4071ACA35}.Release|Any CPU.Build.0 = Release|Any CPU
		{9961350C-F889-49AD-95EC-AA22957A6F2B}.Debug|Any CPU.ActiveCfg = Debug|Any CPU
		{9961350C-F889-49AD-95EC-AA22957A6F2B}.Debug|Any CPU.Build.0 = Debug|Any CPU
		{9961350C-F889-49AD-95EC-AA22957A6F2B}.Release|Any CPU.ActiveCfg = Release|Any CPU
		{9961350C-F889-49AD-95EC-AA22957A6F2B}.Release|Any CPU.Build.0 = Release|Any CPU
	EndGlobalSection
	GlobalSection(SolutionProperties) = preSolution
		HideSolutionNode = FALSE
	EndGlobalSection
	GlobalSection(ExtensibilityGlobals) = postSolution
		SolutionGuid = {4065B3A2-B99C-413F-97B8-16037C89889D}
	EndGlobalSection
EndGlobal
